
Microsoft Visual Studio Solution File, Format Version 12.00
# Visual Studio 14
VisualStudioVersion = 14.0.24709.0
MinimumVisualStudioVersion = 10.0.40219.1
Project("{2150E333-8FDC-42A3-9474-1A3956D46DE8}") = "Solution Items", "Solution Items", "{165A9D79-C307-45E9-A70E-826459FCFC10}"
	ProjectSection(SolutionItems) = preProject
		Nuget\FastMember.nuspec = Nuget\FastMember.nuspec
		NugetSigned\FastMember.Signed.nuspec = NugetSigned\FastMember.Signed.nuspec
		pack.cmd = pack.cmd
	EndProjectSection
EndProject
Project("{FAE04EC0-301F-11D3-BF4B-00C04F79EFBC}") = "FastMember_Net35", "FastMember_Net35\FastMember_Net35.csproj", "{7C5CF865-41CF-4E3E-BCAD-987872A23237}"
EndProject
Project("{2150E333-8FDC-42A3-9474-1A3956D46DE8}") = ".nuget", ".nuget", "{289AB48D-47F7-4855-B702-E6620A2DBE49}"
	ProjectSection(SolutionItems) = preProject
		.nuget\packages.config = .nuget\packages.config
	EndProjectSection
EndProject
Project("{FAE04EC0-301F-11D3-BF4B-00C04F79EFBC}") = "FastMember_Net40", "FastMember_Net40\FastMember_Net40.csproj", "{4C19BCAD-C12C-4574-BAC0-9DD5C6D12D0B}"
EndProject
Project("{FAE04EC0-301F-11D3-BF4B-00C04F79EFBC}") = "FastMember_Net40.Signed.Tests", "FastMember_Net40.Signed.Tests\FastMember_Net40.Signed.Tests.csproj", "{0C3084A5-6688-450A-B705-0DAA6D7395E4}"
EndProject
Project("{FAE04EC0-301F-11D3-BF4B-00C04F79EFBC}") = "FastMember_Net40.Tests", "FastMember_Net40.Tests\FastMember_Net40.Tests.csproj", "{8D5C4A13-C3D7-49EF-931B-90C4325B9DE5}"
EndProject
Project("{FAE04EC0-301F-11D3-BF4B-00C04F79EFBC}") = "FastMember_Net40.Signed", "FastMember_Net40.Signed\FastMember_Net40.Signed.csproj", "{9D0D7E3B-4937-49CD-B288-F53F97D4268C}"
EndProject
Project("{FAE04EC0-301F-11D3-BF4B-00C04F79EFBC}") = "FastMember_Net20", "FastMember_Net20\FastMember_Net20.csproj", "{B06CB266-AB0C-4211-945E-6ED8222C56B8}"
EndProject
Global
	GlobalSection(SolutionConfigurationPlatforms) = preSolution
		Debug|Any CPU = Debug|Any CPU
		Debug|Mixed Platforms = Debug|Mixed Platforms
		Debug|x86 = Debug|x86
		Release|Any CPU = Release|Any CPU
		Release|Mixed Platforms = Release|Mixed Platforms
		Release|x86 = Release|x86
	EndGlobalSection
	GlobalSection(ProjectConfigurationPlatforms) = postSolution
		{7C5CF865-41CF-4E3E-BCAD-987872A23237}.Debug|Any CPU.ActiveCfg = Debug|Any CPU
		{7C5CF865-41CF-4E3E-BCAD-987872A23237}.Debug|Any CPU.Build.0 = Debug|Any CPU
		{7C5CF865-41CF-4E3E-BCAD-987872A23237}.Debug|Mixed Platforms.ActiveCfg = Debug|Any CPU
		{7C5CF865-41CF-4E3E-BCAD-987872A23237}.Debug|Mixed Platforms.Build.0 = Debug|Any CPU
		{7C5CF865-41CF-4E3E-BCAD-987872A23237}.Debug|x86.ActiveCfg = Debug|Any CPU
		{7C5CF865-41CF-4E3E-BCAD-987872A23237}.Release|Any CPU.ActiveCfg = Release|Any CPU
		{7C5CF865-41CF-4E3E-BCAD-987872A23237}.Release|Any CPU.Build.0 = Release|Any CPU
		{7C5CF865-41CF-4E3E-BCAD-987872A23237}.Release|Mixed Platforms.ActiveCfg = Release|Any CPU
		{7C5CF865-41CF-4E3E-BCAD-987872A23237}.Release|Mixed Platforms.Build.0 = Release|Any CPU
		{7C5CF865-41CF-4E3E-BCAD-987872A23237}.Release|x86.ActiveCfg = Release|Any CPU
		{4C19BCAD-C12C-4574-BAC0-9DD5C6D12D0B}.Debug|Any CPU.ActiveCfg = Debug|Any CPU
		{4C19BCAD-C12C-4574-BAC0-9DD5C6D12D0B}.Debug|Any CPU.Build.0 = Debug|Any CPU
		{4C19BCAD-C12C-4574-BAC0-9DD5C6D12D0B}.Debug|Mixed Platforms.ActiveCfg = Debug|Any CPU
		{4C19BCAD-C12C-4574-BAC0-9DD5C6D12D0B}.Debug|Mixed Platforms.Build.0 = Debug|Any CPU
		{4C19BCAD-C12C-4574-BAC0-9DD5C6D12D0B}.Debug|x86.ActiveCfg = Debug|Any CPU
		{4C19BCAD-C12C-4574-BAC0-9DD5C6D12D0B}.Debug|x86.Build.0 = Debug|Any CPU
		{4C19BCAD-C12C-4574-BAC0-9DD5C6D12D0B}.Release|Any CPU.ActiveCfg = Release|Any CPU
		{4C19BCAD-C12C-4574-BAC0-9DD5C6D12D0B}.Release|Any CPU.Build.0 = Release|Any CPU
		{4C19BCAD-C12C-4574-BAC0-9DD5C6D12D0B}.Release|Mixed Platforms.ActiveCfg = Release|Any CPU
		{4C19BCAD-C12C-4574-BAC0-9DD5C6D12D0B}.Release|Mixed Platforms.Build.0 = Release|Any CPU
		{4C19BCAD-C12C-4574-BAC0-9DD5C6D12D0B}.Release|x86.ActiveCfg = Release|Any CPU
		{4C19BCAD-C12C-4574-BAC0-9DD5C6D12D0B}.Release|x86.Build.0 = Release|Any CPU
		{0C3084A5-6688-450A-B705-0DAA6D7395E4}.Debug|Any CPU.ActiveCfg = Debug|Any CPU
		{0C3084A5-6688-450A-B705-0DAA6D7395E4}.Debug|Any CPU.Build.0 = Debug|Any CPU
		{0C3084A5-6688-450A-B705-0DAA6D7395E4}.Debug|Mixed Platforms.ActiveCfg = Debug|Any CPU
		{0C3084A5-6688-450A-B705-0DAA6D7395E4}.Debug|Mixed Platforms.Build.0 = Debug|Any CPU
		{0C3084A5-6688-450A-B705-0DAA6D7395E4}.Debug|x86.ActiveCfg = Debug|Any CPU
		{0C3084A5-6688-450A-B705-0DAA6D7395E4}.Debug|x86.Build.0 = Debug|Any CPU
		{0C3084A5-6688-450A-B705-0DAA6D7395E4}.Release|Any CPU.ActiveCfg = Release|Any CPU
		{0C3084A5-6688-450A-B705-0DAA6D7395E4}.Release|Any CPU.Build.0 = Release|Any CPU
		{0C3084A5-6688-450A-B705-0DAA6D7395E4}.Release|Mixed Platforms.ActiveCfg = Release|Any CPU
		{0C3084A5-6688-450A-B705-0DAA6D7395E4}.Release|Mixed Platforms.Build.0 = Release|Any CPU
		{0C3084A5-6688-450A-B705-0DAA6D7395E4}.Release|x86.ActiveCfg = Release|Any CPU
		{0C3084A5-6688-450A-B705-0DAA6D7395E4}.Release|x86.Build.0 = Release|Any CPU
		{8D5C4A13-C3D7-49EF-931B-90C4325B9DE5}.Debug|Any CPU.ActiveCfg = Debug|x86
		{8D5C4A13-C3D7-49EF-931B-90C4325B9DE5}.Debug|Mixed Platforms.ActiveCfg = Debug|x86
		{8D5C4A13-C3D7-49EF-931B-90C4325B9DE5}.Debug|Mixed Platforms.Build.0 = Debug|x86
		{8D5C4A13-C3D7-49EF-931B-90C4325B9DE5}.Debug|x86.ActiveCfg = Debug|x86
		{8D5C4A13-C3D7-49EF-931B-90C4325B9DE5}.Debug|x86.Build.0 = Debug|x86
		{8D5C4A13-C3D7-49EF-931B-90C4325B9DE5}.Release|Any CPU.ActiveCfg = Release|x86
		{8D5C4A13-C3D7-49EF-931B-90C4325B9DE5}.Release|Mixed Platforms.ActiveCfg = Release|x86
		{8D5C4A13-C3D7-49EF-931B-90C4325B9DE5}.Release|Mixed Platforms.Build.0 = Release|x86
		{8D5C4A13-C3D7-49EF-931B-90C4325B9DE5}.Release|x86.ActiveCfg = Release|x86
		{8D5C4A13-C3D7-49EF-931B-90C4325B9DE5}.Release|x86.Build.0 = Release|x86
		{9D0D7E3B-4937-49CD-B288-F53F97D4268C}.Debug|Any CPU.ActiveCfg = Debug|Any CPU
		{9D0D7E3B-4937-49CD-B288-F53F97D4268C}.Debug|Any CPU.Build.0 = Debug|Any CPU
		{9D0D7E3B-4937-49CD-B288-F53F97D4268C}.Debug|Mixed Platforms.ActiveCfg = Debug|Any CPU
		{9D0D7E3B-4937-49CD-B288-F53F97D4268C}.Debug|Mixed Platforms.Build.0 = Debug|Any CPU
		{9D0D7E3B-4937-49CD-B288-F53F97D4268C}.Debug|x86.ActiveCfg = Debug|Any CPU
		{9D0D7E3B-4937-49CD-B288-F53F97D4268C}.Debug|x86.Build.0 = Debug|Any CPU
		{9D0D7E3B-4937-49CD-B288-F53F97D4268C}.Release|Any CPU.ActiveCfg = Release|Any CPU
		{9D0D7E3B-4937-49CD-B288-F53F97D4268C}.Release|Any CPU.Build.0 = Release|Any CPU
		{9D0D7E3B-4937-49CD-B288-F53F97D4268C}.Release|Mixed Platforms.ActiveCfg = Release|Any CPU
		{9D0D7E3B-4937-49CD-B288-F53F97D4268C}.Release|Mixed Platforms.Build.0 = Release|Any CPU
		{9D0D7E3B-4937-49CD-B288-F53F97D4268C}.Release|x86.ActiveCfg = Release|Any CPU
		{9D0D7E3B-4937-49CD-B288-F53F97D4268C}.Release|x86.Build.0 = Release|Any CPU
		{B06CB266-AB0C-4211-945E-6ED8222C56B8}.Debug|Any CPU.ActiveCfg = Debug|Any CPU
		{B06CB266-AB0C-4211-945E-6ED8222C56B8}.Debug|Any CPU.Build.0 = Debug|Any CPU
		{B06CB266-AB0C-4211-945E-6ED8222C56B8}.Debug|Mixed Platforms.ActiveCfg = Debug|Any CPU
		{B06CB266-AB0C-4211-945E-6ED8222C56B8}.Debug|Mixed Platforms.Build.0 = Debug|Any CPU
		{B06CB266-AB0C-4211-945E-6ED8222C56B8}.Debug|x86.ActiveCfg = Debug|Any CPU
		{B06CB266-AB0C-4211-945E-6ED8222C56B8}.Debug|x86.Build.0 = Debug|Any CPU
		{B06CB266-AB0C-4211-945E-6ED8222C56B8}.Release|Any CPU.ActiveCfg = Release|Any CPU
		{B06CB266-AB0C-4211-945E-6ED8222C56B8}.Release|Any CPU.Build.0 = Release|Any CPU
		{B06CB266-AB0C-4211-945E-6ED8222C56B8}.Release|Mixed Platforms.ActiveCfg = Release|Any CPU
		{B06CB266-AB0C-4211-945E-6ED8222C56B8}.Release|Mixed Platforms.Build.0 = Release|Any CPU
		{B06CB266-AB0C-4211-945E-6ED8222C56B8}.Release|x86.ActiveCfg = Release|Any CPU
		{B06CB266-AB0C-4211-945E-6ED8222C56B8}.Release|x86.Build.0 = Release|Any CPU
	EndGlobalSection
	GlobalSection(SolutionProperties) = preSolution
		HideSolutionNode = FALSE
	EndGlobalSection
EndGlobal
